// !$*UTF8*$!
{
	archiveVersion = 1;
	classes = {
	};
	objectVersion = 52;
	objects = {

/* Begin PBXBuildFile section */
		806253A12430B3AC000FD943 /* AppDelegate.swift in Sources */ = {isa = PBXBuildFile; fileRef = 806253A02430B3AC000FD943 /* AppDelegate.swift */; };
		806253A32430B3AC000FD943 /* SceneDelegate.swift in Sources */ = {isa = PBXBuildFile; fileRef = 806253A22430B3AC000FD943 /* SceneDelegate.swift */; };
		806253A52430B3AC000FD943 /* EpisodesViewController.swift in Sources */ = {isa = PBXBuildFile; fileRef = 806253A42430B3AC000FD943 /* EpisodesViewController.swift */; };
		806253A82430B3AC000FD943 /* Main.storyboard in Resources */ = {isa = PBXBuildFile; fileRef = 806253A62430B3AC000FD943 /* Main.storyboard */; };
		806253AA2430B3AD000FD943 /* Assets.xcassets in Resources */ = {isa = PBXBuildFile; fileRef = 806253A92430B3AD000FD943 /* Assets.xcassets */; };
		806253AD2430B3AD000FD943 /* LaunchScreen.storyboard in Resources */ = {isa = PBXBuildFile; fileRef = 806253AB2430B3AD000FD943 /* LaunchScreen.storyboard */; };
		806253B62430B4B9000FD943 /* Moya in Frameworks */ = {isa = PBXBuildFile; productRef = 806253B52430B4B9000FD943 /* Moya */; };
		806253BB2430CA45000FD943 /* APIService.swift in Sources */ = {isa = PBXBuildFile; fileRef = 806253BA2430CA45000FD943 /* APIService.swift */; };
		806253C32430DB07000FD943 /* Character.swift in Sources */ = {isa = PBXBuildFile; fileRef = 806253C22430DB07000FD943 /* Character.swift */; };
		806253C52430F48F000FD943 /* CharactersResponse.swift in Sources */ = {isa = PBXBuildFile; fileRef = 806253C42430F48F000FD943 /* CharactersResponse.swift */; };
		806253C72430F71D000FD943 /* Info.swift in Sources */ = {isa = PBXBuildFile; fileRef = 806253C62430F71D000FD943 /* Info.swift */; };
		806253C92430FAF2000FD943 /* Episode.swift in Sources */ = {isa = PBXBuildFile; fileRef = 806253C82430FAF2000FD943 /* Episode.swift */; };
		806253CB2430FBBC000FD943 /* EpisodesResponse.swift in Sources */ = {isa = PBXBuildFile; fileRef = 806253CA2430FBBC000FD943 /* EpisodesResponse.swift */; };
		806253CD2430FC0B000FD943 /* Location.swift in Sources */ = {isa = PBXBuildFile; fileRef = 806253CC2430FC0B000FD943 /* Location.swift */; };
		806253CF2430FC79000FD943 /* LocationsResponse.swift in Sources */ = {isa = PBXBuildFile; fileRef = 806253CE2430FC79000FD943 /* LocationsResponse.swift */; };
		806253DB24311434000FD943 /* EpisodeView.swift in Sources */ = {isa = PBXBuildFile; fileRef = 806253DA24311434000FD943 /* EpisodeView.swift */; };
		806253DD2431143E000FD943 /* EpisodeView.xib in Resources */ = {isa = PBXBuildFile; fileRef = 806253DC2431143E000FD943 /* EpisodeView.xib */; };
		806253E024311AED000FD943 /* CharatersViewController.swift in Sources */ = {isa = PBXBuildFile; fileRef = 806253DF24311AED000FD943 /* CharatersViewController.swift */; };
		806253E224311B00000FD943 /* LocationsViewController.swift in Sources */ = {isa = PBXBuildFile; fileRef = 806253E124311B00000FD943 /* LocationsViewController.swift */; };
		806253E524312460000FD943 /* EpisodeCell.swift in Sources */ = {isa = PBXBuildFile; fileRef = 806253E424312460000FD943 /* EpisodeCell.swift */; };
		806253E824322E2B000FD943 /* CharacterView.swift in Sources */ = {isa = PBXBuildFile; fileRef = 806253E724322E2B000FD943 /* CharacterView.swift */; };
		806253ED24323457000FD943 /* AlamofireImage in Frameworks */ = {isa = PBXBuildFile; productRef = 806253EC24323457000FD943 /* AlamofireImage */; };
		806253F024323BDC000FD943 /* CharacterCell.swift in Sources */ = {isa = PBXBuildFile; fileRef = 806253EF24323BDC000FD943 /* CharacterCell.swift */; };
		806253F224324599000FD943 /* CharacterView.xib in Resources */ = {isa = PBXBuildFile; fileRef = 806253F124324599000FD943 /* CharacterView.xib */; };
/* End PBXBuildFile section */

/* Begin PBXFileReference section */
		8062539D2430B3AC000FD943 /* Rickipedia.app */ = {isa = PBXFileReference; explicitFileType = wrapper.application; includeInIndex = 0; path = Rickipedia.app; sourceTree = BUILT_PRODUCTS_DIR; };
		806253A02430B3AC000FD943 /* AppDelegate.swift */ = {isa = PBXFileReference; lastKnownFileType = sourcecode.swift; path = AppDelegate.swift; sourceTree = "<group>"; };
		806253A22430B3AC000FD943 /* SceneDelegate.swift */ = {isa = PBXFileReference; lastKnownFileType = sourcecode.swift; path = SceneDelegate.swift; sourceTree = "<group>"; };
		806253A42430B3AC000FD943 /* EpisodesViewController.swift */ = {isa = PBXFileReference; lastKnownFileType = sourcecode.swift; path = EpisodesViewController.swift; sourceTree = "<group>"; };
		806253A72430B3AC000FD943 /* Base */ = {isa = PBXFileReference; lastKnownFileType = file.storyboard; name = Base; path = Base.lproj/Main.storyboard; sourceTree = "<group>"; };
		806253A92430B3AD000FD943 /* Assets.xcassets */ = {isa = PBXFileReference; lastKnownFileType = folder.assetcatalog; path = Assets.xcassets; sourceTree = "<group>"; };
		806253AC2430B3AD000FD943 /* Base */ = {isa = PBXFileReference; lastKnownFileType = file.storyboard; name = Base; path = Base.lproj/LaunchScreen.storyboard; sourceTree = "<group>"; };
		806253AE2430B3AD000FD943 /* Info.plist */ = {isa = PBXFileReference; lastKnownFileType = text.plist.xml; path = Info.plist; sourceTree = "<group>"; };
		806253BA2430CA45000FD943 /* APIService.swift */ = {isa = PBXFileReference; lastKnownFileType = sourcecode.swift; path = APIService.swift; sourceTree = "<group>"; };
		806253C22430DB07000FD943 /* Character.swift */ = {isa = PBXFileReference; lastKnownFileType = sourcecode.swift; path = Character.swift; sourceTree = "<group>"; };
		806253C42430F48F000FD943 /* CharactersResponse.swift */ = {isa = PBXFileReference; lastKnownFileType = sourcecode.swift; path = CharactersResponse.swift; sourceTree = "<group>"; };
		806253C62430F71D000FD943 /* Info.swift */ = {isa = PBXFileReference; lastKnownFileType = sourcecode.swift; path = Info.swift; sourceTree = "<group>"; };
		806253C82430FAF2000FD943 /* Episode.swift */ = {isa = PBXFileReference; lastKnownFileType = sourcecode.swift; path = Episode.swift; sourceTree = "<group>"; };
		806253CA2430FBBC000FD943 /* EpisodesResponse.swift */ = {isa = PBXFileReference; lastKnownFileType = sourcecode.swift; path = EpisodesResponse.swift; sourceTree = "<group>"; };
		806253CC2430FC0B000FD943 /* Location.swift */ = {isa = PBXFileReference; lastKnownFileType = sourcecode.swift; path = Location.swift; sourceTree = "<group>"; };
		806253CE2430FC79000FD943 /* LocationsResponse.swift */ = {isa = PBXFileReference; lastKnownFileType = sourcecode.swift; path = LocationsResponse.swift; sourceTree = "<group>"; };
		806253DA24311434000FD943 /* EpisodeView.swift */ = {isa = PBXFileReference; lastKnownFileType = sourcecode.swift; path = EpisodeView.swift; sourceTree = "<group>"; };
		806253DC2431143E000FD943 /* EpisodeView.xib */ = {isa = PBXFileReference; lastKnownFileType = file.xib; path = EpisodeView.xib; sourceTree = "<group>"; };
		806253DF24311AED000FD943 /* CharatersViewController.swift */ = {isa = PBXFileReference; lastKnownFileType = sourcecode.swift; path = CharatersViewController.swift; sourceTree = "<group>"; };
		806253E124311B00000FD943 /* LocationsViewController.swift */ = {isa = PBXFileReference; lastKnownFileType = sourcecode.swift; path = LocationsViewController.swift; sourceTree = "<group>"; };
		806253E424312460000FD943 /* EpisodeCell.swift */ = {isa = PBXFileReference; lastKnownFileType = sourcecode.swift; path = EpisodeCell.swift; sourceTree = "<group>"; };
		806253E724322E2B000FD943 /* CharacterView.swift */ = {isa = PBXFileReference; lastKnownFileType = sourcecode.swift; path = CharacterView.swift; sourceTree = "<group>"; };
		806253EF24323BDC000FD943 /* CharacterCell.swift */ = {isa = PBXFileReference; lastKnownFileType = sourcecode.swift; path = CharacterCell.swift; sourceTree = "<group>"; };
		806253F124324599000FD943 /* CharacterView.xib */ = {isa = PBXFileReference; lastKnownFileType = file.xib; path = CharacterView.xib; sourceTree = "<group>"; };
/* End PBXFileReference section */

/* Begin PBXFrameworksBuildPhase section */
		8062539A2430B3AC000FD943 /* Frameworks */ = {
			isa = PBXFrameworksBuildPhase;
			buildActionMask = 2147483647;
			files = (
				806253B62430B4B9000FD943 /* Moya in Frameworks */,
				806253ED24323457000FD943 /* AlamofireImage in Frameworks */,
			);
			runOnlyForDeploymentPostprocessing = 0;
		};
/* End PBXFrameworksBuildPhase section */

/* Begin PBXGroup section */
		806253942430B3AC000FD943 = {
			isa = PBXGroup;
			children = (
				8062539F2430B3AC000FD943 /* Rickipedia */,
				8062539E2430B3AC000FD943 /* Products */,
			);
			sourceTree = "<group>";
		};
		8062539E2430B3AC000FD943 /* Products */ = {
			isa = PBXGroup;
			children = (
				8062539D2430B3AC000FD943 /* Rickipedia.app */,
			);
			name = Products;
			sourceTree = "<group>";
		};
		8062539F2430B3AC000FD943 /* Rickipedia */ = {
			isa = PBXGroup;
			children = (
				806253DE24311A6B000FD943 /* Views */,
				806253D824311416000FD943 /* Custom Views */,
				806253BF2430D9EF000FD943 /* Models */,
				806253B72430C92D000FD943 /* Services */,
				806253A02430B3AC000FD943 /* AppDelegate.swift */,
				806253A22430B3AC000FD943 /* SceneDelegate.swift */,
				806253A92430B3AD000FD943 /* Assets.xcassets */,
				806253AE2430B3AD000FD943 /* Info.plist */,
			);
			path = Rickipedia;
			sourceTree = "<group>";
		};
		806253B72430C92D000FD943 /* Services */ = {
			isa = PBXGroup;
			children = (
				806253BA2430CA45000FD943 /* APIService.swift */,
			);
			path = Services;
			sourceTree = "<group>";
		};
		806253BF2430D9EF000FD943 /* Models */ = {
			isa = PBXGroup;
			children = (
				806253C22430DB07000FD943 /* Character.swift */,
				806253C42430F48F000FD943 /* CharactersResponse.swift */,
				806253C62430F71D000FD943 /* Info.swift */,
				806253C82430FAF2000FD943 /* Episode.swift */,
				806253CA2430FBBC000FD943 /* EpisodesResponse.swift */,
				806253CC2430FC0B000FD943 /* Location.swift */,
				806253CE2430FC79000FD943 /* LocationsResponse.swift */,
			);
			path = Models;
			sourceTree = "<group>";
		};
		806253D824311416000FD943 /* Custom Views */ = {
			isa = PBXGroup;
			children = (
				806253EE24323BB8000FD943 /* CharacterCell */,
				806253E624322E08000FD943 /* CharacterView */,
				806253E324312435000FD943 /* EpisodeCell */,
				806253D924311421000FD943 /* EpisodeView */,
			);
			path = "Custom Views";
			sourceTree = "<group>";
		};
		806253D924311421000FD943 /* EpisodeView */ = {
			isa = PBXGroup;
			children = (
				806253DA24311434000FD943 /* EpisodeView.swift */,
				806253DC2431143E000FD943 /* EpisodeView.xib */,
			);
			path = EpisodeView;
			sourceTree = "<group>";
		};
		806253DE24311A6B000FD943 /* Views */ = {
			isa = PBXGroup;
			children = (
				806253A42430B3AC000FD943 /* EpisodesViewController.swift */,
				806253DF24311AED000FD943 /* CharatersViewController.swift */,
				806253E124311B00000FD943 /* LocationsViewController.swift */,
				806253A62430B3AC000FD943 /* Main.storyboard */,
				806253AB2430B3AD000FD943 /* LaunchScreen.storyboard */,
			);
			path = Views;
			sourceTree = "<group>";
		};
		806253E324312435000FD943 /* EpisodeCell */ = {
			isa = PBXGroup;
			children = (
				806253E424312460000FD943 /* EpisodeCell.swift */,
			);
			path = EpisodeCell;
			sourceTree = "<group>";
		};
		806253E624322E08000FD943 /* CharacterView */ = {
			isa = PBXGroup;
			children = (
				806253E724322E2B000FD943 /* CharacterView.swift */,
				806253F124324599000FD943 /* CharacterView.xib */,
			);
			path = CharacterView;
			sourceTree = "<group>";
		};
		806253EE24323BB8000FD943 /* CharacterCell */ = {
			isa = PBXGroup;
			children = (
				806253EF24323BDC000FD943 /* CharacterCell.swift */,
			);
			path = CharacterCell;
			sourceTree = "<group>";
		};
/* End PBXGroup section */

/* Begin PBXNativeTarget section */
		8062539C2430B3AC000FD943 /* Rickipedia */ = {
			isa = PBXNativeTarget;
			buildConfigurationList = 806253B12430B3AD000FD943 /* Build configuration list for PBXNativeTarget "Rickipedia" */;
			buildPhases = (
				806253992430B3AC000FD943 /* Sources */,
				8062539A2430B3AC000FD943 /* Frameworks */,
				8062539B2430B3AC000FD943 /* Resources */,
			);
			buildRules = (
			);
			dependencies = (
			);
			name = Rickipedia;
			packageProductDependencies = (
				806253B52430B4B9000FD943 /* Moya */,
				806253EC24323457000FD943 /* AlamofireImage */,
			);
			productName = Rickipedia;
			productReference = 8062539D2430B3AC000FD943 /* Rickipedia.app */;
			productType = "com.apple.product-type.application";
		};
/* End PBXNativeTarget section */

/* Begin PBXProject section */
		806253952430B3AC000FD943 /* Project object */ = {
			isa = PBXProject;
			attributes = {
				LastSwiftUpdateCheck = 1130;
				LastUpgradeCheck = 1130;
				ORGANIZATIONNAME = "Pavel Vashkel";
				TargetAttributes = {
					8062539C2430B3AC000FD943 = {
						CreatedOnToolsVersion = 11.3.1;
					};
				};
			};
			buildConfigurationList = 806253982430B3AC000FD943 /* Build configuration list for PBXProject "Rickipedia" */;
			compatibilityVersion = "Xcode 9.3";
			developmentRegion = en;
			hasScannedForEncodings = 0;
			knownRegions = (
				en,
				Base,
			);
			mainGroup = 806253942430B3AC000FD943;
			packageReferences = (
				806253B42430B4B9000FD943 /* XCRemoteSwiftPackageReference "Moya" */,
				806253EB24323457000FD943 /* XCRemoteSwiftPackageReference "AlamofireImage" */,
			);
			productRefGroup = 8062539E2430B3AC000FD943 /* Products */;
			projectDirPath = "";
			projectRoot = "";
			targets = (
				8062539C2430B3AC000FD943 /* Rickipedia */,
			);
		};
/* End PBXProject section */

/* Begin PBXResourcesBuildPhase section */
		8062539B2430B3AC000FD943 /* Resources */ = {
			isa = PBXResourcesBuildPhase;
			buildActionMask = 2147483647;
			files = (
				806253DD2431143E000FD943 /* EpisodeView.xib in Resources */,
				806253F224324599000FD943 /* CharacterView.xib in Resources */,
				806253AD2430B3AD000FD943 /* LaunchScreen.storyboard in Resources */,
				806253AA2430B3AD000FD943 /* Assets.xcassets in Resources */,
				806253A82430B3AC000FD943 /* Main.storyboard in Resources */,
			);
			runOnlyForDeploymentPostprocessing = 0;
		};
/* End PBXResourcesBuildPhase section */

/* Begin PBXSourcesBuildPhase section */
		806253992430B3AC000FD943 /* Sources */ = {
			isa = PBXSourcesBuildPhase;
			buildActionMask = 2147483647;
			files = (
				806253CD2430FC0B000FD943 /* Location.swift in Sources */,
				806253C72430F71D000FD943 /* Info.swift in Sources */,
				806253E024311AED000FD943 /* CharatersViewController.swift in Sources */,
				806253A52430B3AC000FD943 /* EpisodesViewController.swift in Sources */,
				806253C32430DB07000FD943 /* Character.swift in Sources */,
				806253E524312460000FD943 /* EpisodeCell.swift in Sources */,
				806253E824322E2B000FD943 /* CharacterView.swift in Sources */,
				806253DB24311434000FD943 /* EpisodeView.swift in Sources */,
				806253F024323BDC000FD943 /* CharacterCell.swift in Sources */,
				806253CF2430FC79000FD943 /* LocationsResponse.swift in Sources */,
				806253E224311B00000FD943 /* LocationsViewController.swift in Sources */,
				806253C52430F48F000FD943 /* CharactersResponse.swift in Sources */,
				806253A12430B3AC000FD943 /* AppDelegate.swift in Sources */,
				806253BB2430CA45000FD943 /* APIService.swift in Sources */,
				806253C92430FAF2000FD943 /* Episode.swift in Sources */,
				806253CB2430FBBC000FD943 /* EpisodesResponse.swift in Sources */,
				806253A32430B3AC000FD943 /* SceneDelegate.swift in Sources */,
			);
			runOnlyForDeploymentPostprocessing = 0;
		};
/* End PBXSourcesBuildPhase section */

/* Begin PBXVariantGroup section */
		806253A62430B3AC000FD943 /* Main.storyboard */ = {
			isa = PBXVariantGroup;
			children = (
				806253A72430B3AC000FD943 /* Base */,
			);
			name = Main.storyboard;
			sourceTree = "<group>";
		};
		806253AB2430B3AD000FD943 /* LaunchScreen.storyboard */ = {
			isa = PBXVariantGroup;
			children = (
				806253AC2430B3AD000FD943 /* Base */,
			);
			name = LaunchScreen.storyboard;
			sourceTree = "<group>";
		};
/* End PBXVariantGroup section */

/* Begin XCBuildConfiguration section */
		806253AF2430B3AD000FD943 /* Debug */ = {
			isa = XCBuildConfiguration;
			buildSettings = {
				ALWAYS_SEARCH_USER_PATHS = NO;
				CLANG_ANALYZER_NONNULL = YES;
				CLANG_ANALYZER_NUMBER_OBJECT_CONVERSION = YES_AGGRESSIVE;
				CLANG_CXX_LANGUAGE_STANDARD = "gnu++14";
				CLANG_CXX_LIBRARY = "libc++";
				CLANG_ENABLE_MODULES = YES;
				CLANG_ENABLE_OBJC_ARC = YES;
				CLANG_ENABLE_OBJC_WEAK = YES;
				CLANG_WARN_BLOCK_CAPTURE_AUTORELEASING = YES;
				CLANG_WARN_BOOL_CONVERSION = YES;
				CLANG_WARN_COMMA = YES;
				CLANG_WARN_CONSTANT_CONVERSION = YES;
				CLANG_WARN_DEPRECATED_OBJC_IMPLEMENTATIONS = YES;
				CLANG_WARN_DIRECT_OBJC_ISA_USAGE = YES_ERROR;
				CLANG_WARN_DOCUMENTATION_COMMENTS = YES;
				CLANG_WARN_EMPTY_BODY = YES;
				CLANG_WARN_ENUM_CONVERSION = YES;
				CLANG_WARN_INFINITE_RECURSION = YES;
				CLANG_WARN_INT_CONVERSION = YES;
				CLANG_WARN_NON_LITERAL_NULL_CONVERSION = YES;
				CLANG_WARN_OBJC_IMPLICIT_RETAIN_SELF = YES;
				CLANG_WARN_OBJC_LITERAL_CONVERSION = YES;
				CLANG_WARN_OBJC_ROOT_CLASS = YES_ERROR;
				CLANG_WARN_RANGE_LOOP_ANALYSIS = YES;
				CLANG_WARN_STRICT_PROTOTYPES = YES;
				CLANG_WARN_SUSPICIOUS_MOVE = YES;
				CLANG_WARN_UNGUARDED_AVAILABILITY = YES_AGGRESSIVE;
				CLANG_WARN_UNREACHABLE_CODE = YES;
				CLANG_WARN__DUPLICATE_METHOD_MATCH = YES;
				COPY_PHASE_STRIP = NO;
				DEBUG_INFORMATION_FORMAT = dwarf;
				ENABLE_STRICT_OBJC_MSGSEND = YES;
				ENABLE_TESTABILITY = YES;
				GCC_C_LANGUAGE_STANDARD = gnu11;
				GCC_DYNAMIC_NO_PIC = NO;
				GCC_NO_COMMON_BLOCKS = YES;
				GCC_OPTIMIZATION_LEVEL = 0;
				GCC_PREPROCESSOR_DEFINITIONS = (
					"DEBUG=1",
					"$(inherited)",
				);
				GCC_WARN_64_TO_32_BIT_CONVERSION = YES;
				GCC_WARN_ABOUT_RETURN_TYPE = YES_ERROR;
				GCC_WARN_UNDECLARED_SELECTOR = YES;
				GCC_WARN_UNINITIALIZED_AUTOS = YES_AGGRESSIVE;
				GCC_WARN_UNUSED_FUNCTION = YES;
				GCC_WARN_UNUSED_VARIABLE = YES;
				IPHONEOS_DEPLOYMENT_TARGET = 13.2;
				MTL_ENABLE_DEBUG_INFO = INCLUDE_SOURCE;
				MTL_FAST_MATH = YES;
				ONLY_ACTIVE_ARCH = YES;
				SDKROOT = iphoneos;
				SWIFT_ACTIVE_COMPILATION_CONDITIONS = DEBUG;
				SWIFT_OPTIMIZATION_LEVEL = "-Onone";
			};
			name = Debug;
		};
		806253B02430B3AD000FD943 /* Release */ = {
			isa = XCBuildConfiguration;
			buildSettings = {
				ALWAYS_SEARCH_USER_PATHS = NO;
				CLANG_ANALYZER_NONNULL = YES;
				CLANG_ANALYZER_NUMBER_OBJECT_CONVERSION = YES_AGGRESSIVE;
				CLANG_CXX_LANGUAGE_STANDARD = "gnu++14";
				CLANG_CXX_LIBRARY = "libc++";
				CLANG_ENABLE_MODULES = YES;
				CLANG_ENABLE_OBJC_ARC = YES;
				CLANG_ENABLE_OBJC_WEAK = YES;
				CLANG_WARN_BLOCK_CAPTURE_AUTORELEASING = YES;
				CLANG_WARN_BOOL_CONVERSION = YES;
				CLANG_WARN_COMMA = YES;
				CLANG_WARN_CONSTANT_CONVERSION = YES;
				CLANG_WARN_DEPRECATED_OBJC_IMPLEMENTATIONS = YES;
				CLANG_WARN_DIRECT_OBJC_ISA_USAGE = YES_ERROR;
				CLANG_WARN_DOCUMENTATION_COMMENTS = YES;
				CLANG_WARN_EMPTY_BODY = YES;
				CLANG_WARN_ENUM_CONVERSION = YES;
				CLANG_WARN_INFINITE_RECURSION = YES;
				CLANG_WARN_INT_CONVERSION = YES;
				CLANG_WARN_NON_LITERAL_NULL_CONVERSION = YES;
				CLANG_WARN_OBJC_IMPLICIT_RETAIN_SELF = YES;
				CLANG_WARN_OBJC_LITERAL_CONVERSION = YES;
				CLANG_WARN_OBJC_ROOT_CLASS = YES_ERROR;
				CLANG_WARN_RANGE_LOOP_ANALYSIS = YES;
				CLANG_WARN_STRICT_PROTOTYPES = YES;
				CLANG_WARN_SUSPICIOUS_MOVE = YES;
				CLANG_WARN_UNGUARDED_AVAILABILITY = YES_AGGRESSIVE;
				CLANG_WARN_UNREACHABLE_CODE = YES;
				CLANG_WARN__DUPLICATE_METHOD_MATCH = YES;
				COPY_PHASE_STRIP = NO;
				DEBUG_INFORMATION_FORMAT = "dwarf-with-dsym";
				ENABLE_NS_ASSERTIONS = NO;
				ENABLE_STRICT_OBJC_MSGSEND = YES;
				GCC_C_LANGUAGE_STANDARD = gnu11;
				GCC_NO_COMMON_BLOCKS = YES;
				GCC_WARN_64_TO_32_BIT_CONVERSION = YES;
				GCC_WARN_ABOUT_RETURN_TYPE = YES_ERROR;
				GCC_WARN_UNDECLARED_SELECTOR = YES;
				GCC_WARN_UNINITIALIZED_AUTOS = YES_AGGRESSIVE;
				GCC_WARN_UNUSED_FUNCTION = YES;
				GCC_WARN_UNUSED_VARIABLE = YES;
				IPHONEOS_DEPLOYMENT_TARGET = 13.2;
				MTL_ENABLE_DEBUG_INFO = NO;
				MTL_FAST_MATH = YES;
				SDKROOT = iphoneos;
				SWIFT_COMPILATION_MODE = wholemodule;
				SWIFT_OPTIMIZATION_LEVEL = "-O";
				VALIDATE_PRODUCT = YES;
			};
			name = Release;
		};
		806253B22430B3AD000FD943 /* Debug */ = {
			isa = XCBuildConfiguration;
			buildSettings = {
				ASSETCATALOG_COMPILER_APPICON_NAME = AppIcon;
				CODE_SIGN_STYLE = Automatic;
				INFOPLIST_FILE = Rickipedia/Info.plist;
				LD_RUNPATH_SEARCH_PATHS = (
					"$(inherited)",
					"@executable_path/Frameworks",
				);
				MARKETING_VERSION = 0.0.1;
				PRODUCT_BUNDLE_IDENTIFIER = com.vshkl.Rickipedia;
				PRODUCT_NAME = "$(TARGET_NAME)";
				SWIFT_VERSION = 5.0;
				TARGETED_DEVICE_FAMILY = "1,2";
			};
			name = Debug;
		};
		806253B32430B3AD000FD943 /* Release */ = {
			isa = XCBuildConfiguration;
			buildSettings = {
				ASSETCATALOG_COMPILER_APPICON_NAME = AppIcon;
				CODE_SIGN_STYLE = Automatic;
				INFOPLIST_FILE = Rickipedia/Info.plist;
				LD_RUNPATH_SEARCH_PATHS = (
					"$(inherited)",
					"@executable_path/Frameworks",
				);
				MARKETING_VERSION = 0.0.1;
				PRODUCT_BUNDLE_IDENTIFIER = com.vshkl.Rickipedia;
				PRODUCT_NAME = "$(TARGET_NAME)";
				SWIFT_VERSION = 5.0;
				TARGETED_DEVICE_FAMILY = "1,2";
			};
			name = Release;
		};
/* End XCBuildConfiguration section */

/* Begin XCConfigurationList section */
		806253982430B3AC000FD943 /* Build configuration list for PBXProject "Rickipedia" */ = {
			isa = XCConfigurationList;
			buildConfigurations = (
				806253AF2430B3AD000FD943 /* Debug */,
				806253B02430B3AD000FD943 /* Release */,
			);
			defaultConfigurationIsVisible = 0;
			defaultConfigurationName = Release;
		};
		806253B12430B3AD000FD943 /* Build configuration list for PBXNativeTarget "Rickipedia" */ = {
			isa = XCConfigurationList;
			buildConfigurations = (
				806253B22430B3AD000FD943 /* Debug */,
				806253B32430B3AD000FD943 /* Release */,
			);
			defaultConfigurationIsVisible = 0;
			defaultConfigurationName = Release;
		};
/* End XCConfigurationList section */

/* Begin XCRemoteSwiftPackageReference section */
		806253B42430B4B9000FD943 /* XCRemoteSwiftPackageReference "Moya" */ = {
			isa = XCRemoteSwiftPackageReference;
			repositoryURL = "https://github.com/Moya/Moya.git";
			requirement = {
				kind = upToNextMajorVersion;
				minimumVersion = 14.0.0;
			};
		};
		806253EB24323457000FD943 /* XCRemoteSwiftPackageReference "AlamofireImage" */ = {
			isa = XCRemoteSwiftPackageReference;
			repositoryURL = "https://github.com/Alamofire/AlamofireImage.git";
			requirement = {
				kind = upToNextMajorVersion;
				minimumVersion = 4.0.3;
			};
		};
/* End XCRemoteSwiftPackageReference section */

/* Begin XCSwiftPackageProductDependency section */
		806253B52430B4B9000FD943 /* Moya */ = {
			isa = XCSwiftPackageProductDependency;
			package = 806253B42430B4B9000FD943 /* XCRemoteSwiftPackageReference "Moya" */;
			productName = Moya;
		};
		806253EC24323457000FD943 /* AlamofireImage */ = {
			isa = XCSwiftPackageProductDependency;
			package = 806253EB24323457000FD943 /* XCRemoteSwiftPackageReference "AlamofireImage" */;
			productName = AlamofireImage;
		};
/* End XCSwiftPackageProductDependency section */
	};
	rootObject = 806253952430B3AC000FD943 /* Project object */;
}
